<?xml version="1.0" encoding="utf-8"?>
<Project ToolsVersion="4.0" xmlns="http://schemas.microsoft.com/developer/msbuild/2003">
  <ItemGroup>
    <Filter Include="Source Files">
      <UniqueIdentifier>{4FC737F1-C7A5-4376-A066-2A32D752A2FF}</UniqueIdentifier>
      <Extensions>cpp;c;cc;cxx;def;odl;idl;hpj;bat;asm;asmx</Extensions>
    </Filter>
    <Filter Include="Header Files">
      <UniqueIdentifier>{93995380-89BD-4b04-88EB-625FBE52EBFB}</UniqueIdentifier>
      <Extensions>h;hpp;hxx;hm;inl;inc;xsd</Extensions>
    </Filter>
    <Filter Include="Resource Files">
      <UniqueIdentifier>{67DA6AB6-F800-4c08-8B7A-83BB121AAD01}</UniqueIdentifier>
      <Extensions>rc;ico;cur;bmp;dlg;rc2;rct;bin;rgs;gif;jpg;jpeg;jpe;resx;tiff;tif;png;wav</Extensions>
    </Filter>
    <Filter Include="SourceMod SDK">
      <UniqueIdentifier>{31958233-BB2D-4e41-A8F9-CE8A4684F436}</UniqueIdentifier>
    </Filter>
    <Filter Include="Header Files\hash">
      <UniqueIdentifier>{fed95fab-255e-4843-913e-b089f62327f6}</UniqueIdentifier>
    </Filter>
    <Filter Include="Source Files\hash">
      <UniqueIdentifier>{6259f88e-ae7c-473e-ae0a-041471c10152}</UniqueIdentifier>
    </Filter>
    <Filter Include="Header Files\legacy">
      <UniqueIdentifier>{c842e8ef-abb3-4293-aa60-1c1d58e80c4f}</UniqueIdentifier>
    </Filter>
    <Filter Include="Source Files\legacy">
      <UniqueIdentifier>{c97a9616-be1c-4020-8420-e7aef26a0c07}</UniqueIdentifier>
    </Filter>
    <Filter Include="Header Files\legacy\threads">
      <UniqueIdentifier>{62647c78-ce6f-47c5-b3f9-f483254251ec}</UniqueIdentifier>
    </Filter>
    <Filter Include="Source Files\legacy\threads">
      <UniqueIdentifier>{87aa63e8-b211-4f76-b134-eb240b06d72d}</UniqueIdentifier>
    </Filter>
    <Filter Include="Source Files\threads">
      <UniqueIdentifier>{6263b2d3-fbdd-42dc-b37d-7d5c822fae9a}</UniqueIdentifier>
    </Filter>
    <Filter Include="Header Files\threads">
      <UniqueIdentifier>{2cf009ca-5f75-4f3b-b677-313eab58c5ee}</UniqueIdentifier>
    </Filter>
    <Filter Include="Header Files\natives">
      <UniqueIdentifier>{5dbb95e6-3bee-43a5-b3af-3d41759cb7d0}</UniqueIdentifier>
    </Filter>
    <Filter Include="Source Files\natives">
      <UniqueIdentifier>{e803c7fd-c256-4e3f-96ac-ac7e6637ce9b}</UniqueIdentifier>
    </Filter>
  </ItemGroup>
  <ItemGroup>
    <ClCompile Include="..\extension.cpp">
      <Filter>Source Files</Filter>
    </ClCompile>
    <ClCompile Include="..\sdk\smsdk_ext.cpp">
      <Filter>SourceMod SDK</Filter>
    </ClCompile>
    <ClCompile Include="..\hash\md5.cpp">
      <Filter>Source Files\hash</Filter>
    </ClCompile>
    <ClCompile Include="..\hash\crc32.cpp">
      <Filter>Source Files\hash</Filter>
    </ClCompile>
    <ClCompile Include="..\legacy\natives.cpp">
      <Filter>Source Files\legacy</Filter>
    </ClCompile>
    <ClCompile Include="..\legacy\threads\ftp.cpp">
      <Filter>Source Files\legacy\threads</Filter>
    </ClCompile>
    <ClCompile Include="..\legacy\threads\page.cpp">
      <Filter>Source Files\legacy\threads</Filter>
    </ClCompile>
    <ClCompile Include="..\legacy\threads\command.cpp">
      <Filter>Source Files\legacy\threads</Filter>
    </ClCompile>
    <ClCompile Include="..\legacy\threads\download.cpp">
      <Filter>Source Files\legacy\threads</Filter>
    </ClCompile>
    <ClCompile Include="..\threads\command.cpp">
      <Filter>Source Files\threads</Filter>
    </ClCompile>
    <ClCompile Include="..\threads\copy.cpp">
      <Filter>Source Files\threads</Filter>
    </ClCompile>
    <ClCompile Include="..\handles.cpp">
      <Filter>Source Files</Filter>
    </ClCompile>
    <ClCompile Include="..\natives\common_natives.cpp">
      <Filter>Source Files\natives</Filter>
    </ClCompile>
  </ItemGroup>
  <ItemGroup>
    <ClInclude Include="..\extension.h">
      <Filter>Header Files</Filter>
    </ClInclude>
    <ClInclude Include="..\sdk\smsdk_config.h">
      <Filter>SourceMod SDK</Filter>
    </ClInclude>
    <ClInclude Include="..\sdk\smsdk_ext.h">
      <Filter>SourceMod SDK</Filter>
    </ClInclude>
    <ClInclude Include="..\hash\md5.h">
      <Filter>Header Files\hash</Filter>
    </ClInclude>
    <ClInclude Include="..\hash\crc.h">
      <Filter>Header Files\hash</Filter>
    </ClInclude>
    <ClInclude Include="..\legacy\natives.h">
      <Filter>Header Files\legacy</Filter>
    </ClInclude>
    <ClInclude Include="..\callback.h">
      <Filter>Header Files</Filter>
    </ClInclude>
    <ClInclude Include="..\legacy\threads\page.h">
      <Filter>Header Files\legacy\threads</Filter>
    </ClInclude>
    <ClInclude Include="..\legacy\threads\command.h">
      <Filter>Header Files\legacy\threads</Filter>
    </ClInclude>
    <ClInclude Include="..\legacy\threads\download.h">
      <Filter>Header Files\legacy\threads</Filter>
    </ClInclude>
    <ClInclude Include="..\legacy\threads\ftp.h">
      <Filter>Header Files\legacy\threads</Filter>
    </ClInclude>
    <ClInclude Include="..\threads\command.h">
      <Filter>Header Files\threads</Filter>
    </ClInclude>
    <ClInclude Include="..\threads\copy.h">
      <Filter>Header Files\threads</Filter>
    </ClInclude>
    <ClInclude Include="..\handles.h">
      <Filter>Header Files</Filter>
    </ClInclude>
    <ClInclude Include="..\natives\natives.h">
      <Filter>Header Files\natives</Filter>
    </ClInclude>
  </ItemGroup>
</Project>